
Microsoft Visual Studio Solution File, Format Version 12.00
# Visual Studio 2017
Project("{FAE04EC0-301F-11D3-BF4B-00C04F79EFBC}") = "first", "first.csproj", "{17F371C2-ABDD-72CD-3554-A4E1A941E7B4}"
EndProject
Project("{FAE04EC0-301F-11D3-BF4B-00C04F79EFBC}") = "first.Editor.Plugins", "first.Editor.Plugins.csproj", "{4DB8253B-F00B-57FE-1E8E-5CAAF4251BD8}"
EndProject
Global
	GlobalSection(SolutionConfigurationPlatforms) = preSolution
		Debug|Any CPU = Debug|Any CPU
		Release|Any CPU = Release|Any CPU
	EndGlobalSection
	GlobalSection(ProjectConfigurationPlatforms) = postSolution
		{17F371C2-ABDD-72CD-3554-A4E1A941E7B4}.Debug|Any CPU.ActiveCfg = Debug|Any CPU
		{17F371C2-ABDD-72CD-3554-A4E1A941E7B4}.Debug|Any CPU.Build.0 = Debug|Any CPU
		{17F371C2-ABDD-72CD-3554-A4E1A941E7B4}.Release|Any CPU.ActiveCfg = Release|Any CPU
		{17F371C2-ABDD-72CD-3554-A4E1A941E7B4}.Release|Any CPU.Build.0 = Release|Any CPU
		{4DB8253B-F00B-57FE-1E8E-5CAAF4251BD8}.Debug|Any CPU.ActiveCfg = Debug|Any CPU
		{4DB8253B-F00B-57FE-1E8E-5CAAF4251BD8}.Debug|Any CPU.Build.0 = Debug|Any CPU
		{4DB8253B-F00B-57FE-1E8E-5CAAF4251BD8}.Release|Any CPU.ActiveCfg = Release|Any CPU
		{4DB8253B-F00B-57FE-1E8E-5CAAF4251BD8}.Release|Any CPU.Build.0 = Release|Any CPU
	EndGlobalSection
	GlobalSection(SolutionProperties) = preSolution
		HideSolutionNode = FALSE
	EndGlobalSection
EndGlobal
